
Microsoft Visual Studio Solution File, Format Version 12.00
# Visual Studio Version 16
VisualStudioVersion = 16.0.30717.126
MinimumVisualStudioVersion = 10.0.40219.1
Project("{FAE04EC0-301F-11D3-BF4B-00C04F79EFBC}") = "Diesel", "Diesel\Diesel.csproj", "{7AD3B808-BD3F-4B68-BCED-1CD1621F9C84}"
EndProject
Global
	GlobalSection(SolutionConfigurationPlatforms) = preSolution
		Debug|Any CPU = Debug|Any CPU
		Release|Any CPU = Release|Any CPU
	EndGlobalSection
	GlobalSection(ProjectConfigurationPlatforms) = postSolution
		{7AD3B808-BD3F-4B68-BCED-1CD1621F9C84}.Debug|Any CPU.ActiveCfg = Debug|Any CPU
		{7AD3B808-BD3F-4B68-BCED-1CD1621F9C84}.Debug|Any CPU.Build.0 = Debug|Any CPU
		{7AD3B808-BD3F-4B68-BCED-1CD1621F9C84}.Release|Any CPU.ActiveCfg = Release|Any CPU
		{7AD3B808-BD3F-4B68-BCED-1CD1621F9C84}.Release|Any CPU.Build.0 = Release|Any CPU
	EndGlobalSection
	GlobalSection(SolutionProperties) = preSolution
		HideSolutionNode = FALSE
	EndGlobalSection
	GlobalSection(ExtensibilityGlobals) = postSolution
		SolutionGuid = {FD2B1705-56B1-45DA-AA6C-2DBECDD26272}
	EndGlobalSection
EndGlobal
